
Microsoft Visual Studio Solution File, Format Version 12.00
# Visual Studio Version 17
VisualStudioVersion = 17.3.32901.215
MinimumVisualStudioVersion = 10.0.40219.1
Project("{FAE04EC0-301F-11D3-BF4B-00C04F79EFBC}") = "radio button if else renk 1550", "radio button if else renk 1550\radio button if else renk 1550.csproj", "{9C1DEA10-80EF-4386-A35D-E2DA15E8A134}"
EndProject
Global
	GlobalSection(SolutionConfigurationPlatforms) = preSolution
		Debug|Any CPU = Debug|Any CPU
		Release|Any CPU = Release|Any CPU
	EndGlobalSection
	GlobalSection(ProjectConfigurationPlatforms) = postSolution
		{9C1DEA10-80EF-4386-A35D-E2DA15E8A134}.Debug|Any CPU.ActiveCfg = Debug|Any CPU
		{9C1DEA10-80EF-4386-A35D-E2DA15E8A134}.Debug|Any CPU.Build.0 = Debug|Any CPU
		{9C1DEA10-80EF-4386-A35D-E2DA15E8A134}.Release|Any CPU.ActiveCfg = Release|Any CPU
		{9C1DEA10-80EF-4386-A35D-E2DA15E8A134}.Release|Any CPU.Build.0 = Release|Any CPU
	EndGlobalSection
	GlobalSection(SolutionProperties) = preSolution
		HideSolutionNode = FALSE
	EndGlobalSection
	GlobalSection(ExtensibilityGlobals) = postSolution
		SolutionGuid = {02279EF5-98EF-4FD9-9DF7-724ADD7A43C1}
	EndGlobalSection
EndGlobal
